
Microsoft Visual Studio Solution File, Format Version 12.00
# Visual Studio 2012
Project("{FAE04EC0-301F-11D3-BF4B-00C04F79EFBC}") = "equation solver", "equation solver\equation solver.csproj", "{5C9AAF2A-66A3-4A92-9F66-7FC3C4FF4C03}"
EndProject
Global
	GlobalSection(SolutionConfigurationPlatforms) = preSolution
		Debug|Any CPU = Debug|Any CPU
		Release|Any CPU = Release|Any CPU
	EndGlobalSection
	GlobalSection(ProjectConfigurationPlatforms) = postSolution
		{5C9AAF2A-66A3-4A92-9F66-7FC3C4FF4C03}.Debug|Any CPU.ActiveCfg = Debug|Any CPU
		{5C9AAF2A-66A3-4A92-9F66-7FC3C4FF4C03}.Debug|Any CPU.Build.0 = Debug|Any CPU
		{5C9AAF2A-66A3-4A92-9F66-7FC3C4FF4C03}.Release|Any CPU.ActiveCfg = Release|Any CPU
		{5C9AAF2A-66A3-4A92-9F66-7FC3C4FF4C03}.Release|Any CPU.Build.0 = Release|Any CPU
	EndGlobalSection
	GlobalSection(SolutionProperties) = preSolution
		HideSolutionNode = FALSE
	EndGlobalSection
EndGlobal
